// !$*UTF8*$!
{
	archiveVersion = 1;
	classes = {
	};
	objectVersion = 50;
	objects = {

/* Begin PBXBuildFile section */
		45C417AE224F6CA100B56ECD /* AppDelegate.swift in Sources */ = {isa = PBXBuildFile; fileRef = 45C417AD224F6CA100B56ECD /* AppDelegate.swift */; };
		45C417B0224F6CA100B56ECD /* ToDoViewController.swift in Sources */ = {isa = PBXBuildFile; fileRef = 45C417AF224F6CA100B56ECD /* ToDoViewController.swift */; };
		45C417B6224F6CA100B56ECD /* To_do_list.xcdatamodeld in Sources */ = {isa = PBXBuildFile; fileRef = 45C417B4224F6CA100B56ECD /* To_do_list.xcdatamodeld */; };
		45C417B8224F6CA200B56ECD /* Assets.xcassets in Resources */ = {isa = PBXBuildFile; fileRef = 45C417B7224F6CA200B56ECD /* Assets.xcassets */; };
		45C417BB224F6CA200B56ECD /* LaunchScreen.storyboard in Resources */ = {isa = PBXBuildFile; fileRef = 45C417B9224F6CA200B56ECD /* LaunchScreen.storyboard */; };
		45C417C32252529900B56ECD /* AddToDoController.swift in Sources */ = {isa = PBXBuildFile; fileRef = 45C417C22252529900B56ECD /* AddToDoController.swift */; };
		45CC67E922577CFF00A81356 /* CoreDataProvider.swift in Sources */ = {isa = PBXBuildFile; fileRef = 45CC67E822577CFF00A81356 /* CoreDataProvider.swift */; };
		45CC67EC22577FB200A81356 /* CommonToDo+CoreDataClass.swift in Sources */ = {isa = PBXBuildFile; fileRef = 45CC67EA22577FB200A81356 /* CommonToDo+CoreDataClass.swift */; };
		45CC67ED22577FB200A81356 /* CommonToDo+CoreDataProperties.swift in Sources */ = {isa = PBXBuildFile; fileRef = 45CC67EB22577FB200A81356 /* CommonToDo+CoreDataProperties.swift */; };
/* End PBXBuildFile section */

/* Begin PBXFileReference section */
		45C417AA224F6CA100B56ECD /* Todolist.app */ = {isa = PBXFileReference; explicitFileType = wrapper.application; includeInIndex = 0; path = Todolist.app; sourceTree = BUILT_PRODUCTS_DIR; };
		45C417AD224F6CA100B56ECD /* AppDelegate.swift */ = {isa = PBXFileReference; lastKnownFileType = sourcecode.swift; path = AppDelegate.swift; sourceTree = "<group>"; };
		45C417AF224F6CA100B56ECD /* ToDoViewController.swift */ = {isa = PBXFileReference; lastKnownFileType = sourcecode.swift; path = ToDoViewController.swift; sourceTree = "<group>"; };
		45C417B5224F6CA100B56ECD /* To_do_list.xcdatamodel */ = {isa = PBXFileReference; lastKnownFileType = wrapper.xcdatamodel; path = To_do_list.xcdatamodel; sourceTree = "<group>"; };
		45C417B7224F6CA200B56ECD /* Assets.xcassets */ = {isa = PBXFileReference; lastKnownFileType = folder.assetcatalog; path = Assets.xcassets; sourceTree = "<group>"; };
		45C417BA224F6CA200B56ECD /* Base */ = {isa = PBXFileReference; lastKnownFileType = file.storyboard; name = Base; path = Base.lproj/LaunchScreen.storyboard; sourceTree = "<group>"; };
		45C417BC224F6CA200B56ECD /* Info.plist */ = {isa = PBXFileReference; lastKnownFileType = text.plist.xml; path = Info.plist; sourceTree = "<group>"; };
		45C417C22252529900B56ECD /* AddToDoController.swift */ = {isa = PBXFileReference; lastKnownFileType = sourcecode.swift; path = AddToDoController.swift; sourceTree = "<group>"; };
		45CC67E822577CFF00A81356 /* CoreDataProvider.swift */ = {isa = PBXFileReference; lastKnownFileType = sourcecode.swift; path = CoreDataProvider.swift; sourceTree = "<group>"; };
		45CC67EA22577FB200A81356 /* CommonToDo+CoreDataClass.swift */ = {isa = PBXFileReference; lastKnownFileType = sourcecode.swift; path = "CommonToDo+CoreDataClass.swift"; sourceTree = "<group>"; };
		45CC67EB22577FB200A81356 /* CommonToDo+CoreDataProperties.swift */ = {isa = PBXFileReference; lastKnownFileType = sourcecode.swift; path = "CommonToDo+CoreDataProperties.swift"; sourceTree = "<group>"; };
/* End PBXFileReference section */

/* Begin PBXFrameworksBuildPhase section */
		45C417A7224F6CA100B56ECD /* Frameworks */ = {
			isa = PBXFrameworksBuildPhase;
			buildActionMask = 2147483647;
			files = (
			);
			runOnlyForDeploymentPostprocessing = 0;
		};
/* End PBXFrameworksBuildPhase section */

/* Begin PBXGroup section */
		45C417A1224F6CA100B56ECD = {
			isa = PBXGroup;
			children = (
				45C417AC224F6CA100B56ECD /* Todolist */,
				45C417AB224F6CA100B56ECD /* Products */,
			);
			sourceTree = "<group>";
		};
		45C417AB224F6CA100B56ECD /* Products */ = {
			isa = PBXGroup;
			children = (
				45C417AA224F6CA100B56ECD /* Todolist.app */,
			);
			name = Products;
			sourceTree = "<group>";
		};
		45C417AC224F6CA100B56ECD /* Todolist */ = {
			isa = PBXGroup;
			children = (
				45CC67EA22577FB200A81356 /* CommonToDo+CoreDataClass.swift */,
				45CC67EB22577FB200A81356 /* CommonToDo+CoreDataProperties.swift */,
				45CC67E822577CFF00A81356 /* CoreDataProvider.swift */,
				45C417AD224F6CA100B56ECD /* AppDelegate.swift */,
				45C417AF224F6CA100B56ECD /* ToDoViewController.swift */,
				45C417C22252529900B56ECD /* AddToDoController.swift */,
				45C417B7224F6CA200B56ECD /* Assets.xcassets */,
				45C417B9224F6CA200B56ECD /* LaunchScreen.storyboard */,
				45C417BC224F6CA200B56ECD /* Info.plist */,
				45C417B4224F6CA100B56ECD /* To_do_list.xcdatamodeld */,
			);
			path = Todolist;
			sourceTree = "<group>";
		};
/* End PBXGroup section */

/* Begin PBXNativeTarget section */
		45C417A9224F6CA100B56ECD /* Todolist */ = {
			isa = PBXNativeTarget;
			buildConfigurationList = 45C417BF224F6CA200B56ECD /* Build configuration list for PBXNativeTarget "Todolist" */;
			buildPhases = (
				45C417A6224F6CA100B56ECD /* Sources */,
				45C417A7224F6CA100B56ECD /* Frameworks */,
				45C417A8224F6CA100B56ECD /* Resources */,
			);
			buildRules = (
			);
			dependencies = (
			);
			name = Todolist;
			productName = "To do list";
			productReference = 45C417AA224F6CA100B56ECD /* Todolist.app */;
			productType = "com.apple.product-type.application";
		};
/* End PBXNativeTarget section */

/* Begin PBXProject section */
		45C417A2224F6CA100B56ECD /* Project object */ = {
			isa = PBXProject;
			attributes = {
				LastSwiftUpdateCheck = 1010;
				LastUpgradeCheck = 1010;
				ORGANIZATIONNAME = "Ирина Соловьева";
				TargetAttributes = {
					45C417A9224F6CA100B56ECD = {
						CreatedOnToolsVersion = 10.1;
					};
				};
			};
			buildConfigurationList = 45C417A5224F6CA100B56ECD /* Build configuration list for PBXProject "Todolist" */;
			compatibilityVersion = "Xcode 9.3";
			developmentRegion = en;
			hasScannedForEncodings = 0;
			knownRegions = (
				en,
				Base,
			);
			mainGroup = 45C417A1224F6CA100B56ECD;
			productRefGroup = 45C417AB224F6CA100B56ECD /* Products */;
			projectDirPath = "";
			projectRoot = "";
			targets = (
				45C417A9224F6CA100B56ECD /* Todolist */,
			);
		};
/* End PBXProject section */

/* Begin PBXResourcesBuildPhase section */
		45C417A8224F6CA100B56ECD /* Resources */ = {
			isa = PBXResourcesBuildPhase;
			buildActionMask = 2147483647;
			files = (
				45C417BB224F6CA200B56ECD /* LaunchScreen.storyboard in Resources */,
				45C417B8224F6CA200B56ECD /* Assets.xcassets in Resources */,
			);
			runOnlyForDeploymentPostprocessing = 0;
		};
/* End PBXResourcesBuildPhase section */

/* Begin PBXSourcesBuildPhase section */
		45C417A6224F6CA100B56ECD /* Sources */ = {
			isa = PBXSourcesBuildPhase;
			buildActionMask = 2147483647;
			files = (
				45CC67E922577CFF00A81356 /* CoreDataProvider.swift in Sources */,
				45C417B0224F6CA100B56ECD /* ToDoViewController.swift in Sources */,
				45CC67ED22577FB200A81356 /* CommonToDo+CoreDataProperties.swift in Sources */,
				45C417C32252529900B56ECD /* AddToDoController.swift in Sources */,
				45C417B6224F6CA100B56ECD /* To_do_list.xcdatamodeld in Sources */,
				45CC67EC22577FB200A81356 /* CommonToDo+CoreDataClass.swift in Sources */,
				45C417AE224F6CA100B56ECD /* AppDelegate.swift in Sources */,
			);
			runOnlyForDeploymentPostprocessing = 0;
		};
/* End PBXSourcesBuildPhase section */

/* Begin PBXVariantGroup section */
		45C417B9224F6CA200B56ECD /* LaunchScreen.storyboard */ = {
			isa = PBXVariantGroup;
			children = (
				45C417BA224F6CA200B56ECD /* Base */,
			);
			name = LaunchScreen.storyboard;
			sourceTree = "<group>";
		};
/* End PBXVariantGroup section */

/* Begin XCBuildConfiguration section */
		45C417BD224F6CA200B56ECD /* Debug */ = {
			isa = XCBuildConfiguration;
			buildSettings = {
				ALWAYS_SEARCH_USER_PATHS = NO;
				CLANG_ANALYZER_NONNULL = YES;
				CLANG_ANALYZER_NUMBER_OBJECT_CONVERSION = YES_AGGRESSIVE;
				CLANG_CXX_LANGUAGE_STANDARD = "gnu++14";
				CLANG_CXX_LIBRARY = "libc++";
				CLANG_ENABLE_MODULES = YES;
				CLANG_ENABLE_OBJC_ARC = YES;
				CLANG_ENABLE_OBJC_WEAK = YES;
				CLANG_WARN_BLOCK_CAPTURE_AUTORELEASING = YES;
				CLANG_WARN_BOOL_CONVERSION = YES;
				CLANG_WARN_COMMA = YES;
				CLANG_WARN_CONSTANT_CONVERSION = YES;
				CLANG_WARN_DEPRECATED_OBJC_IMPLEMENTATIONS = YES;
				CLANG_WARN_DIRECT_OBJC_ISA_USAGE = YES_ERROR;
				CLANG_WARN_DOCUMENTATION_COMMENTS = YES;
				CLANG_WARN_EMPTY_BODY = YES;
				CLANG_WARN_ENUM_CONVERSION = YES;
				CLANG_WARN_INFINITE_RECURSION = YES;
				CLANG_WARN_INT_CONVERSION = YES;
				CLANG_WARN_NON_LITERAL_NULL_CONVERSION = YES;
				CLANG_WARN_OBJC_IMPLICIT_RETAIN_SELF = YES;
				CLANG_WARN_OBJC_LITERAL_CONVERSION = YES;
				CLANG_WARN_OBJC_ROOT_CLASS = YES_ERROR;
				CLANG_WARN_RANGE_LOOP_ANALYSIS = YES;
				CLANG_WARN_STRICT_PROTOTYPES = YES;
				CLANG_WARN_SUSPICIOUS_MOVE = YES;
				CLANG_WARN_UNGUARDED_AVAILABILITY = YES_AGGRESSIVE;
				CLANG_WARN_UNREACHABLE_CODE = YES;
				CLANG_WARN__DUPLICATE_METHOD_MATCH = YES;
				CODE_SIGN_IDENTITY = "iPhone Developer";
				COPY_PHASE_STRIP = NO;
				DEBUG_INFORMATION_FORMAT = dwarf;
				ENABLE_STRICT_OBJC_MSGSEND = YES;
				ENABLE_TESTABILITY = YES;
				GCC_C_LANGUAGE_STANDARD = gnu11;
				GCC_DYNAMIC_NO_PIC = NO;
				GCC_NO_COMMON_BLOCKS = YES;
				GCC_OPTIMIZATION_LEVEL = 0;
				GCC_PREPROCESSOR_DEFINITIONS = (
					"DEBUG=1",
					"$(inherited)",
				);
				GCC_WARN_64_TO_32_BIT_CONVERSION = YES;
				GCC_WARN_ABOUT_RETURN_TYPE = YES_ERROR;
				GCC_WARN_UNDECLARED_SELECTOR = YES;
				GCC_WARN_UNINITIALIZED_AUTOS = YES_AGGRESSIVE;
				GCC_WARN_UNUSED_FUNCTION = YES;
				GCC_WARN_UNUSED_VARIABLE = YES;
				IPHONEOS_DEPLOYMENT_TARGET = 12.1;
				MTL_ENABLE_DEBUG_INFO = INCLUDE_SOURCE;
				MTL_FAST_MATH = YES;
				ONLY_ACTIVE_ARCH = YES;
				SDKROOT = iphoneos;
				SWIFT_ACTIVE_COMPILATION_CONDITIONS = DEBUG;
				SWIFT_OPTIMIZATION_LEVEL = "-Onone";
			};
			name = Debug;
		};
		45C417BE224F6CA200B56ECD /* Release */ = {
			isa = XCBuildConfiguration;
			buildSettings = {
				ALWAYS_SEARCH_USER_PATHS = NO;
				CLANG_ANALYZER_NONNULL = YES;
				CLANG_ANALYZER_NUMBER_OBJECT_CONVERSION = YES_AGGRESSIVE;
				CLANG_CXX_LANGUAGE_STANDARD = "gnu++14";
				CLANG_CXX_LIBRARY = "libc++";
				CLANG_ENABLE_MODULES = YES;
				CLANG_ENABLE_OBJC_ARC = YES;
				CLANG_ENABLE_OBJC_WEAK = YES;
				CLANG_WARN_BLOCK_CAPTURE_AUTORELEASING = YES;
				CLANG_WARN_BOOL_CONVERSION = YES;
				CLANG_WARN_COMMA = YES;
				CLANG_WARN_CONSTANT_CONVERSION = YES;
				CLANG_WARN_DEPRECATED_OBJC_IMPLEMENTATIONS = YES;
				CLANG_WARN_DIRECT_OBJC_ISA_USAGE = YES_ERROR;
				CLANG_WARN_DOCUMENTATION_COMMENTS = YES;
				CLANG_WARN_EMPTY_BODY = YES;
				CLANG_WARN_ENUM_CONVERSION = YES;
				CLANG_WARN_INFINITE_RECURSION = YES;
				CLANG_WARN_INT_CONVERSION = YES;
				CLANG_WARN_NON_LITERAL_NULL_CONVERSION = YES;
				CLANG_WARN_OBJC_IMPLICIT_RETAIN_SELF = YES;
				CLANG_WARN_OBJC_LITERAL_CONVERSION = YES;
				CLANG_WARN_OBJC_ROOT_CLASS = YES_ERROR;
				CLANG_WARN_RANGE_LOOP_ANALYSIS = YES;
				CLANG_WARN_STRICT_PROTOTYPES = YES;
				CLANG_WARN_SUSPICIOUS_MOVE = YES;
				CLANG_WARN_UNGUARDED_AVAILABILITY = YES_AGGRESSIVE;
				CLANG_WARN_UNREACHABLE_CODE = YES;
				CLANG_WARN__DUPLICATE_METHOD_MATCH = YES;
				CODE_SIGN_IDENTITY = "iPhone Developer";
				COPY_PHASE_STRIP = NO;
				DEBUG_INFORMATION_FORMAT = "dwarf-with-dsym";
				ENABLE_NS_ASSERTIONS = NO;
				ENABLE_STRICT_OBJC_MSGSEND = YES;
				GCC_C_LANGUAGE_STANDARD = gnu11;
				GCC_NO_COMMON_BLOCKS = YES;
				GCC_WARN_64_TO_32_BIT_CONVERSION = YES;
				GCC_WARN_ABOUT_RETURN_TYPE = YES_ERROR;
				GCC_WARN_UNDECLARED_SELECTOR = YES;
				GCC_WARN_UNINITIALIZED_AUTOS = YES_AGGRESSIVE;
				GCC_WARN_UNUSED_FUNCTION = YES;
				GCC_WARN_UNUSED_VARIABLE = YES;
				IPHONEOS_DEPLOYMENT_TARGET = 12.1;
				MTL_ENABLE_DEBUG_INFO = NO;
				MTL_FAST_MATH = YES;
				SDKROOT = iphoneos;
				SWIFT_COMPILATION_MODE = wholemodule;
				SWIFT_OPTIMIZATION_LEVEL = "-O";
				VALIDATE_PRODUCT = YES;
			};
			name = Release;
		};
		45C417C0224F6CA200B56ECD /* Debug */ = {
			isa = XCBuildConfiguration;
			buildSettings = {
				ASSETCATALOG_COMPILER_APPICON_NAME = AppIcon;
				CODE_SIGN_STYLE = Automatic;
				DEVELOPMENT_TEAM = C2FFG5QQR9;
				INFOPLIST_FILE = "$(SRCROOT)/Todolist/Info.plist";
				LD_RUNPATH_SEARCH_PATHS = (
					"$(inherited)",
					"@executable_path/Frameworks",
				);
				PRODUCT_BUNDLE_IDENTIFIER = "TDLSI.To-do-list";
				PRODUCT_NAME = "$(TARGET_NAME)";
				SWIFT_VERSION = 4.2;
				TARGETED_DEVICE_FAMILY = "1,2";
			};
			name = Debug;
		};
		45C417C1224F6CA200B56ECD /* Release */ = {
			isa = XCBuildConfiguration;
			buildSettings = {
				ASSETCATALOG_COMPILER_APPICON_NAME = AppIcon;
				CODE_SIGN_STYLE = Automatic;
				DEVELOPMENT_TEAM = C2FFG5QQR9;
				INFOPLIST_FILE = "$(SRCROOT)/Todolist/Info.plist";
				LD_RUNPATH_SEARCH_PATHS = (
					"$(inherited)",
					"@executable_path/Frameworks",
				);
				PRODUCT_BUNDLE_IDENTIFIER = "TDLSI.To-do-list";
				PRODUCT_NAME = "$(TARGET_NAME)";
				SWIFT_VERSION = 4.2;
				TARGETED_DEVICE_FAMILY = "1,2";
			};
			name = Release;
		};
/* End XCBuildConfiguration section */

/* Begin XCConfigurationList section */
		45C417A5224F6CA100B56ECD /* Build configuration list for PBXProject "Todolist" */ = {
			isa = XCConfigurationList;
			buildConfigurations = (
				45C417BD224F6CA200B56ECD /* Debug */,
				45C417BE224F6CA200B56ECD /* Release */,
			);
			defaultConfigurationIsVisible = 0;
			defaultConfigurationName = Release;
		};
		45C417BF224F6CA200B56ECD /* Build configuration list for PBXNativeTarget "Todolist" */ = {
			isa = XCConfigurationList;
			buildConfigurations = (
				45C417C0224F6CA200B56ECD /* Debug */,
				45C417C1224F6CA200B56ECD /* Release */,
			);
			defaultConfigurationIsVisible = 0;
			defaultConfigurationName = Release;
		};
/* End XCConfigurationList section */

/* Begin XCVersionGroup section */
		45C417B4224F6CA100B56ECD /* To_do_list.xcdatamodeld */ = {
			isa = XCVersionGroup;
			children = (
				45C417B5224F6CA100B56ECD /* To_do_list.xcdatamodel */,
			);
			currentVersion = 45C417B5224F6CA100B56ECD /* To_do_list.xcdatamodel */;
			path = To_do_list.xcdatamodeld;
			sourceTree = "<group>";
			versionGroupType = wrapper.xcdatamodel;
		};
/* End XCVersionGroup section */
	};
	rootObject = 45C417A2224F6CA100B56ECD /* Project object */;
}
